// !$*UTF8*$!
{
	archiveVersion = 1;
	classes = {
	};
	objectVersion = 51;
	objects = {

/* Begin PBXBuildFile section */
		748EFFB447C628FAE6F56CAD /* Pods_mindGame.framework in Frameworks */ = {isa = PBXBuildFile; fileRef = 81D314C7604388E1240C214C /* Pods_mindGame.framework */; };
		D17BB66325270D8900237ACC /* AppDelegate.swift in Sources */ = {isa = PBXBuildFile; fileRef = D17BB66225270D8900237ACC /* AppDelegate.swift */; };
		D17BB66525270D8900237ACC /* SceneDelegate.swift in Sources */ = {isa = PBXBuildFile; fileRef = D17BB66425270D8900237ACC /* SceneDelegate.swift */; };
		D17BB66725270D8900237ACC /* ViewController.swift in Sources */ = {isa = PBXBuildFile; fileRef = D17BB66625270D8900237ACC /* ViewController.swift */; };
		D17BB66A25270D8900237ACC /* Main.storyboard in Resources */ = {isa = PBXBuildFile; fileRef = D17BB66825270D8900237ACC /* Main.storyboard */; };
		D17BB66C25270D8A00237ACC /* Assets.xcassets in Resources */ = {isa = PBXBuildFile; fileRef = D17BB66B25270D8A00237ACC /* Assets.xcassets */; };
		D17BB66F25270D8A00237ACC /* LaunchScreen.storyboard in Resources */ = {isa = PBXBuildFile; fileRef = D17BB66D25270D8A00237ACC /* LaunchScreen.storyboard */; };
		D17BB67825270DCB00237ACC /* GoogleService-Info.plist in Resources */ = {isa = PBXBuildFile; fileRef = D17BB67725270DCB00237ACC /* GoogleService-Info.plist */; };
		D1DDE9212546FE30002D0FF3 /* Admin-ViewController.swift in Sources */ = {isa = PBXBuildFile; fileRef = D1DDE9202546FE30002D0FF3 /* Admin-ViewController.swift */; };
		D1DDE9342549B04D002D0FF3 /* Home-ViewController.swift in Sources */ = {isa = PBXBuildFile; fileRef = D1DDE9332549B04D002D0FF3 /* Home-ViewController.swift */; };
/* End PBXBuildFile section */

/* Begin PBXFileReference section */
		0ECE029E77F9F6381933269E /* Pods-mindGame.debug.xcconfig */ = {isa = PBXFileReference; includeInIndex = 1; lastKnownFileType = text.xcconfig; name = "Pods-mindGame.debug.xcconfig"; path = "Target Support Files/Pods-mindGame/Pods-mindGame.debug.xcconfig"; sourceTree = "<group>"; };
		81D314C7604388E1240C214C /* Pods_mindGame.framework */ = {isa = PBXFileReference; explicitFileType = wrapper.framework; includeInIndex = 0; path = Pods_mindGame.framework; sourceTree = BUILT_PRODUCTS_DIR; };
		91376415FB7F650C5ABDBC39 /* Pods-mindGame.release.xcconfig */ = {isa = PBXFileReference; includeInIndex = 1; lastKnownFileType = text.xcconfig; name = "Pods-mindGame.release.xcconfig"; path = "Target Support Files/Pods-mindGame/Pods-mindGame.release.xcconfig"; sourceTree = "<group>"; };
		D17BB65F25270D8900237ACC /* mindGame.app */ = {isa = PBXFileReference; explicitFileType = wrapper.application; includeInIndex = 0; path = mindGame.app; sourceTree = BUILT_PRODUCTS_DIR; };
		D17BB66225270D8900237ACC /* AppDelegate.swift */ = {isa = PBXFileReference; lastKnownFileType = sourcecode.swift; path = AppDelegate.swift; sourceTree = "<group>"; };
		D17BB66425270D8900237ACC /* SceneDelegate.swift */ = {isa = PBXFileReference; lastKnownFileType = sourcecode.swift; path = SceneDelegate.swift; sourceTree = "<group>"; };
		D17BB66625270D8900237ACC /* ViewController.swift */ = {isa = PBXFileReference; lastKnownFileType = sourcecode.swift; path = ViewController.swift; sourceTree = "<group>"; };
		D17BB66925270D8900237ACC /* Base */ = {isa = PBXFileReference; lastKnownFileType = file.storyboard; name = Base; path = Base.lproj/Main.storyboard; sourceTree = "<group>"; };
		D17BB66B25270D8A00237ACC /* Assets.xcassets */ = {isa = PBXFileReference; lastKnownFileType = folder.assetcatalog; path = Assets.xcassets; sourceTree = "<group>"; };
		D17BB66E25270D8A00237ACC /* Base */ = {isa = PBXFileReference; lastKnownFileType = file.storyboard; name = Base; path = Base.lproj/LaunchScreen.storyboard; sourceTree = "<group>"; };
		D17BB67025270D8A00237ACC /* Info.plist */ = {isa = PBXFileReference; lastKnownFileType = text.plist.xml; path = Info.plist; sourceTree = "<group>"; };
		D17BB67725270DCB00237ACC /* GoogleService-Info.plist */ = {isa = PBXFileReference; fileEncoding = 4; lastKnownFileType = text.plist.xml; path = "GoogleService-Info.plist"; sourceTree = "<group>"; };
		D1DDE9202546FE30002D0FF3 /* Admin-ViewController.swift */ = {isa = PBXFileReference; lastKnownFileType = sourcecode.swift; path = "Admin-ViewController.swift"; sourceTree = "<group>"; };
		D1DDE9332549B04D002D0FF3 /* Home-ViewController.swift */ = {isa = PBXFileReference; lastKnownFileType = sourcecode.swift; path = "Home-ViewController.swift"; sourceTree = "<group>"; };
/* End PBXFileReference section */

/* Begin PBXFrameworksBuildPhase section */
		D17BB65C25270D8900237ACC /* Frameworks */ = {
			isa = PBXFrameworksBuildPhase;
			buildActionMask = 2147483647;
			files = (
				748EFFB447C628FAE6F56CAD /* Pods_mindGame.framework in Frameworks */,
			);
			runOnlyForDeploymentPostprocessing = 0;
		};
/* End PBXFrameworksBuildPhase section */

/* Begin PBXGroup section */
		A13A2575C5CFF5AC2EB54D22 /* Pods */ = {
			isa = PBXGroup;
			children = (
				0ECE029E77F9F6381933269E /* Pods-mindGame.debug.xcconfig */,
				91376415FB7F650C5ABDBC39 /* Pods-mindGame.release.xcconfig */,
			);
			path = Pods;
			sourceTree = "<group>";
		};
		D17BB65625270D8900237ACC = {
			isa = PBXGroup;
			children = (
				D17BB66125270D8900237ACC /* mindGame */,
				D17BB66025270D8900237ACC /* Products */,
				A13A2575C5CFF5AC2EB54D22 /* Pods */,
				E93B16D6859F27866BD08120 /* Frameworks */,
			);
			sourceTree = "<group>";
		};
		D17BB66025270D8900237ACC /* Products */ = {
			isa = PBXGroup;
			children = (
				D17BB65F25270D8900237ACC /* mindGame.app */,
			);
			name = Products;
			sourceTree = "<group>";
		};
		D17BB66125270D8900237ACC /* mindGame */ = {
			isa = PBXGroup;
			children = (
				D17BB66225270D8900237ACC /* AppDelegate.swift */,
				D17BB66425270D8900237ACC /* SceneDelegate.swift */,
				D17BB66625270D8900237ACC /* ViewController.swift */,
				D17BB66825270D8900237ACC /* Main.storyboard */,
				D1DDE9332549B04D002D0FF3 /* Home-ViewController.swift */,
				D1DDE9202546FE30002D0FF3 /* Admin-ViewController.swift */,
				D17BB66B25270D8A00237ACC /* Assets.xcassets */,
				D17BB66D25270D8A00237ACC /* LaunchScreen.storyboard */,
				D17BB67025270D8A00237ACC /* Info.plist */,
				D17BB67725270DCB00237ACC /* GoogleService-Info.plist */,
			);
			path = mindGame;
			sourceTree = "<group>";
		};
		E93B16D6859F27866BD08120 /* Frameworks */ = {
			isa = PBXGroup;
			children = (
				81D314C7604388E1240C214C /* Pods_mindGame.framework */,
			);
			name = Frameworks;
			sourceTree = "<group>";
		};
/* End PBXGroup section */

/* Begin PBXNativeTarget section */
		D17BB65E25270D8900237ACC /* mindGame */ = {
			isa = PBXNativeTarget;
			buildConfigurationList = D17BB67325270D8A00237ACC /* Build configuration list for PBXNativeTarget "mindGame" */;
			buildPhases = (
				FCE12E48C6CFB92BFEA6F912 /* [CP] Check Pods Manifest.lock */,
				D17BB65B25270D8900237ACC /* Sources */,
				D17BB65C25270D8900237ACC /* Frameworks */,
				D17BB65D25270D8900237ACC /* Resources */,
				936F6AB2C93B7B9DE79B6D1E /* [CP] Embed Pods Frameworks */,
			);
			buildRules = (
			);
			dependencies = (
			);
			name = mindGame;
			productName = mindGame;
			productReference = D17BB65F25270D8900237ACC /* mindGame.app */;
			productType = "com.apple.product-type.application";
		};
/* End PBXNativeTarget section */

/* Begin PBXProject section */
		D17BB65725270D8900237ACC /* Project object */ = {
			isa = PBXProject;
			attributes = {
				LastSwiftUpdateCheck = 1200;
				LastUpgradeCheck = 1200;
				TargetAttributes = {
					D17BB65E25270D8900237ACC = {
						CreatedOnToolsVersion = 12.0;
					};
				};
			};
			buildConfigurationList = D17BB65A25270D8900237ACC /* Build configuration list for PBXProject "Sukha" */;
			compatibilityVersion = "Xcode 9.3";
			developmentRegion = en;
			hasScannedForEncodings = 0;
			knownRegions = (
				en,
				Base,
			);
			mainGroup = D17BB65625270D8900237ACC;
			productRefGroup = D17BB66025270D8900237ACC /* Products */;
			projectDirPath = "";
			projectRoot = "";
			targets = (
				D17BB65E25270D8900237ACC /* mindGame */,
			);
		};
/* End PBXProject section */

/* Begin PBXResourcesBuildPhase section */
		D17BB65D25270D8900237ACC /* Resources */ = {
			isa = PBXResourcesBuildPhase;
			buildActionMask = 2147483647;
			files = (
				D17BB66F25270D8A00237ACC /* LaunchScreen.storyboard in Resources */,
				D17BB67825270DCB00237ACC /* GoogleService-Info.plist in Resources */,
				D17BB66C25270D8A00237ACC /* Assets.xcassets in Resources */,
				D17BB66A25270D8900237ACC /* Main.storyboard in Resources */,
			);
			runOnlyForDeploymentPostprocessing = 0;
		};
/* End PBXResourcesBuildPhase section */

/* Begin PBXShellScriptBuildPhase section */
		936F6AB2C93B7B9DE79B6D1E /* [CP] Embed Pods Frameworks */ = {
			isa = PBXShellScriptBuildPhase;
			buildActionMask = 2147483647;
			files = (
			);
			inputFileListPaths = (
				"${PODS_ROOT}/Target Support Files/Pods-mindGame/Pods-mindGame-frameworks-${CONFIGURATION}-input-files.xcfilelist",
			);
			name = "[CP] Embed Pods Frameworks";
			outputFileListPaths = (
				"${PODS_ROOT}/Target Support Files/Pods-mindGame/Pods-mindGame-frameworks-${CONFIGURATION}-output-files.xcfilelist",
			);
			runOnlyForDeploymentPostprocessing = 0;
			shellPath = /bin/sh;
			shellScript = "\"${PODS_ROOT}/Target Support Files/Pods-mindGame/Pods-mindGame-frameworks.sh\"\n";
			showEnvVarsInLog = 0;
		};
		FCE12E48C6CFB92BFEA6F912 /* [CP] Check Pods Manifest.lock */ = {
			isa = PBXShellScriptBuildPhase;
			buildActionMask = 2147483647;
			files = (
			);
			inputFileListPaths = (
			);
			inputPaths = (
				"${PODS_PODFILE_DIR_PATH}/Podfile.lock",
				"${PODS_ROOT}/Manifest.lock",
			);
			name = "[CP] Check Pods Manifest.lock";
			outputFileListPaths = (
			);
			outputPaths = (
				"$(DERIVED_FILE_DIR)/Pods-mindGame-checkManifestLockResult.txt",
			);
			runOnlyForDeploymentPostprocessing = 0;
			shellPath = /bin/sh;
			shellScript = "diff \"${PODS_PODFILE_DIR_PATH}/Podfile.lock\" \"${PODS_ROOT}/Manifest.lock\" > /dev/null\nif [ $? != 0 ] ; then\n    # print error to STDERR\n    echo \"error: The sandbox is not in sync with the Podfile.lock. Run 'pod install' or update your CocoaPods installation.\" >&2\n    exit 1\nfi\n# This output is used by Xcode 'outputs' to avoid re-running this script phase.\necho \"SUCCESS\" > \"${SCRIPT_OUTPUT_FILE_0}\"\n";
			showEnvVarsInLog = 0;
		};
/* End PBXShellScriptBuildPhase section */

/* Begin PBXSourcesBuildPhase section */
		D17BB65B25270D8900237ACC /* Sources */ = {
			isa = PBXSourcesBuildPhase;
			buildActionMask = 2147483647;
			files = (
				D17BB66725270D8900237ACC /* ViewController.swift in Sources */,
				D17BB66325270D8900237ACC /* AppDelegate.swift in Sources */,
				D1DDE9342549B04D002D0FF3 /* Home-ViewController.swift in Sources */,
				D1DDE9212546FE30002D0FF3 /* Admin-ViewController.swift in Sources */,
				D17BB66525270D8900237ACC /* SceneDelegate.swift in Sources */,
			);
			runOnlyForDeploymentPostprocessing = 0;
		};
/* End PBXSourcesBuildPhase section */

/* Begin PBXVariantGroup section */
		D17BB66825270D8900237ACC /* Main.storyboard */ = {
			isa = PBXVariantGroup;
			children = (
				D17BB66925270D8900237ACC /* Base */,
			);
			name = Main.storyboard;
			sourceTree = "<group>";
		};
		D17BB66D25270D8A00237ACC /* LaunchScreen.storyboard */ = {
			isa = PBXVariantGroup;
			children = (
				D17BB66E25270D8A00237ACC /* Base */,
			);
			name = LaunchScreen.storyboard;
			sourceTree = "<group>";
		};
/* End PBXVariantGroup section */

/* Begin XCBuildConfiguration section */
		D17BB67125270D8A00237ACC /* Debug */ = {
			isa = XCBuildConfiguration;
			buildSettings = {
				ALWAYS_SEARCH_USER_PATHS = NO;
				CLANG_ANALYZER_NONNULL = YES;
				CLANG_ANALYZER_NUMBER_OBJECT_CONVERSION = YES_AGGRESSIVE;
				CLANG_CXX_LANGUAGE_STANDARD = "gnu++14";
				CLANG_CXX_LIBRARY = "libc++";
				CLANG_ENABLE_MODULES = YES;
				CLANG_ENABLE_OBJC_ARC = YES;
				CLANG_ENABLE_OBJC_WEAK = YES;
				CLANG_WARN_BLOCK_CAPTURE_AUTORELEASING = YES;
				CLANG_WARN_BOOL_CONVERSION = YES;
				CLANG_WARN_COMMA = YES;
				CLANG_WARN_CONSTANT_CONVERSION = YES;
				CLANG_WARN_DEPRECATED_OBJC_IMPLEMENTATIONS = YES;
				CLANG_WARN_DIRECT_OBJC_ISA_USAGE = YES_ERROR;
				CLANG_WARN_DOCUMENTATION_COMMENTS = YES;
				CLANG_WARN_EMPTY_BODY = YES;
				CLANG_WARN_ENUM_CONVERSION = YES;
				CLANG_WARN_INFINITE_RECURSION = YES;
				CLANG_WARN_INT_CONVERSION = YES;
				CLANG_WARN_NON_LITERAL_NULL_CONVERSION = YES;
				CLANG_WARN_OBJC_IMPLICIT_RETAIN_SELF = YES;
				CLANG_WARN_OBJC_LITERAL_CONVERSION = YES;
				CLANG_WARN_OBJC_ROOT_CLASS = YES_ERROR;
				CLANG_WARN_QUOTED_INCLUDE_IN_FRAMEWORK_HEADER = YES;
				CLANG_WARN_RANGE_LOOP_ANALYSIS = YES;
				CLANG_WARN_STRICT_PROTOTYPES = YES;
				CLANG_WARN_SUSPICIOUS_MOVE = YES;
				CLANG_WARN_UNGUARDED_AVAILABILITY = YES_AGGRESSIVE;
				CLANG_WARN_UNREACHABLE_CODE = YES;
				CLANG_WARN__DUPLICATE_METHOD_MATCH = YES;
				COPY_PHASE_STRIP = NO;
				DEBUG_INFORMATION_FORMAT = dwarf;
				ENABLE_STRICT_OBJC_MSGSEND = YES;
				ENABLE_TESTABILITY = YES;
				GCC_C_LANGUAGE_STANDARD = gnu11;
				GCC_DYNAMIC_NO_PIC = NO;
				GCC_NO_COMMON_BLOCKS = YES;
				GCC_OPTIMIZATION_LEVEL = 0;
				GCC_PREPROCESSOR_DEFINITIONS = (
					"DEBUG=1",
					"$(inherited)",
				);
				GCC_WARN_64_TO_32_BIT_CONVERSION = YES;
				GCC_WARN_ABOUT_RETURN_TYPE = YES_ERROR;
				GCC_WARN_UNDECLARED_SELECTOR = YES;
				GCC_WARN_UNINITIALIZED_AUTOS = YES_AGGRESSIVE;
				GCC_WARN_UNUSED_FUNCTION = YES;
				GCC_WARN_UNUSED_VARIABLE = YES;
				IPHONEOS_DEPLOYMENT_TARGET = 14.0;
				MTL_ENABLE_DEBUG_INFO = INCLUDE_SOURCE;
				MTL_FAST_MATH = YES;
				ONLY_ACTIVE_ARCH = YES;
				SDKROOT = iphoneos;
				SWIFT_ACTIVE_COMPILATION_CONDITIONS = DEBUG;
				SWIFT_OPTIMIZATION_LEVEL = "-Onone";
			};
			name = Debug;
		};
		D17BB67225270D8A00237ACC /* Release */ = {
			isa = XCBuildConfiguration;
			buildSettings = {
				ALWAYS_SEARCH_USER_PATHS = NO;
				CLANG_ANALYZER_NONNULL = YES;
				CLANG_ANALYZER_NUMBER_OBJECT_CONVERSION = YES_AGGRESSIVE;
				CLANG_CXX_LANGUAGE_STANDARD = "gnu++14";
				CLANG_CXX_LIBRARY = "libc++";
				CLANG_ENABLE_MODULES = YES;
				CLANG_ENABLE_OBJC_ARC = YES;
				CLANG_ENABLE_OBJC_WEAK = YES;
				CLANG_WARN_BLOCK_CAPTURE_AUTORELEASING = YES;
				CLANG_WARN_BOOL_CONVERSION = YES;
				CLANG_WARN_COMMA = YES;
				CLANG_WARN_CONSTANT_CONVERSION = YES;
				CLANG_WARN_DEPRECATED_OBJC_IMPLEMENTATIONS = YES;
				CLANG_WARN_DIRECT_OBJC_ISA_USAGE = YES_ERROR;
				CLANG_WARN_DOCUMENTATION_COMMENTS = YES;
				CLANG_WARN_EMPTY_BODY = YES;
				CLANG_WARN_ENUM_CONVERSION = YES;
				CLANG_WARN_INFINITE_RECURSION = YES;
				CLANG_WARN_INT_CONVERSION = YES;
				CLANG_WARN_NON_LITERAL_NULL_CONVERSION = YES;
				CLANG_WARN_OBJC_IMPLICIT_RETAIN_SELF = YES;
				CLANG_WARN_OBJC_LITERAL_CONVERSION = YES;
				CLANG_WARN_OBJC_ROOT_CLASS = YES_ERROR;
				CLANG_WARN_QUOTED_INCLUDE_IN_FRAMEWORK_HEADER = YES;
				CLANG_WARN_RANGE_LOOP_ANALYSIS = YES;
				CLANG_WARN_STRICT_PROTOTYPES = YES;
				CLANG_WARN_SUSPICIOUS_MOVE = YES;
				CLANG_WARN_UNGUARDED_AVAILABILITY = YES_AGGRESSIVE;
				CLANG_WARN_UNREACHABLE_CODE = YES;
				CLANG_WARN__DUPLICATE_METHOD_MATCH = YES;
				COPY_PHASE_STRIP = NO;
				DEBUG_INFORMATION_FORMAT = "dwarf-with-dsym";
				ENABLE_NS_ASSERTIONS = NO;
				ENABLE_STRICT_OBJC_MSGSEND = YES;
				GCC_C_LANGUAGE_STANDARD = gnu11;
				GCC_NO_COMMON_BLOCKS = YES;
				GCC_WARN_64_TO_32_BIT_CONVERSION = YES;
				GCC_WARN_ABOUT_RETURN_TYPE = YES_ERROR;
				GCC_WARN_UNDECLARED_SELECTOR = YES;
				GCC_WARN_UNINITIALIZED_AUTOS = YES_AGGRESSIVE;
				GCC_WARN_UNUSED_FUNCTION = YES;
				GCC_WARN_UNUSED_VARIABLE = YES;
				IPHONEOS_DEPLOYMENT_TARGET = 14.0;
				MTL_ENABLE_DEBUG_INFO = NO;
				MTL_FAST_MATH = YES;
				SDKROOT = iphoneos;
				SWIFT_COMPILATION_MODE = wholemodule;
				SWIFT_OPTIMIZATION_LEVEL = "-O";
				VALIDATE_PRODUCT = YES;
			};
			name = Release;
		};
		D17BB67425270D8A00237ACC /* Debug */ = {
			isa = XCBuildConfiguration;
			baseConfigurationReference = 0ECE029E77F9F6381933269E /* Pods-mindGame.debug.xcconfig */;
			buildSettings = {
				ASSETCATALOG_COMPILER_APPICON_NAME = AppIcon;
				ASSETCATALOG_COMPILER_GLOBAL_ACCENT_COLOR_NAME = AccentColor;
				CODE_SIGN_STYLE = Automatic;
				CURRENT_PROJECT_VERSION = "1.0.4 ";
				DEVELOPMENT_TEAM = 5AC8S2X438;
				INFOPLIST_FILE = mindGame/Info.plist;
				IPHONEOS_DEPLOYMENT_TARGET = 13.0;
				LD_RUNPATH_SEARCH_PATHS = (
					"$(inherited)",
					"@executable_path/Frameworks",
				);
				MARKETING_VERSION = 1.0.0;
				PRODUCT_BUNDLE_IDENTIFIER = michele.mindGame;
				PRODUCT_NAME = "$(TARGET_NAME)";
				SWIFT_VERSION = 5.0;
				TARGETED_DEVICE_FAMILY = "1,2";
			};
			name = Debug;
		};
		D17BB67525270D8A00237ACC /* Release */ = {
			isa = XCBuildConfiguration;
			baseConfigurationReference = 91376415FB7F650C5ABDBC39 /* Pods-mindGame.release.xcconfig */;
			buildSettings = {
				ASSETCATALOG_COMPILER_APPICON_NAME = AppIcon;
				ASSETCATALOG_COMPILER_GLOBAL_ACCENT_COLOR_NAME = AccentColor;
				CODE_SIGN_STYLE = Automatic;
				CURRENT_PROJECT_VERSION = "1.0.4 ";
				DEVELOPMENT_TEAM = 5AC8S2X438;
				INFOPLIST_FILE = mindGame/Info.plist;
				IPHONEOS_DEPLOYMENT_TARGET = 13.0;
				LD_RUNPATH_SEARCH_PATHS = (
					"$(inherited)",
					"@executable_path/Frameworks",
				);
				MARKETING_VERSION = 1.0.0;
				PRODUCT_BUNDLE_IDENTIFIER = michele.mindGame;
				PRODUCT_NAME = "$(TARGET_NAME)";
				SWIFT_VERSION = 5.0;
				TARGETED_DEVICE_FAMILY = "1,2";
			};
			name = Release;
		};
/* End XCBuildConfiguration section */

/* Begin XCConfigurationList section */
		D17BB65A25270D8900237ACC /* Build configuration list for PBXProject "Sukha" */ = {
			isa = XCConfigurationList;
			buildConfigurations = (
				D17BB67125270D8A00237ACC /* Debug */,
				D17BB67225270D8A00237ACC /* Release */,
			);
			defaultConfigurationIsVisible = 0;
			defaultConfigurationName = Release;
		};
		D17BB67325270D8A00237ACC /* Build configuration list for PBXNativeTarget "mindGame" */ = {
			isa = XCConfigurationList;
			buildConfigurations = (
				D17BB67425270D8A00237ACC /* Debug */,
				D17BB67525270D8A00237ACC /* Release */,
			);
			defaultConfigurationIsVisible = 0;
			defaultConfigurationName = Release;
		};
/* End XCConfigurationList section */
	};
	rootObject = D17BB65725270D8900237ACC /* Project object */;
}
